
Microsoft Visual Studio Solution File, Format Version 12.00
# Visual Studio 15
VisualStudioVersion = 15.0.28307.168
MinimumVisualStudioVersion = 10.0.40219.1
Project("{FAE04EC0-301F-11D3-BF4B-00C04F79EFBC}") = "NetflixNext.Client", "NetflixNext.Client\NetflixNext.Client.csproj", "{0BB713E9-1DFF-403A-99B6-32A8C63616A2}"
EndProject
Project("{9A19103F-16F7-4668-BE54-9A1E7A4F7556}") = "NetflixNext.Common", "NetflixNext.Common\NetflixNext.Common.csproj", "{1BDB5FDD-0848-423E-B8D0-D4CC16AE28BE}"
EndProject
Project("{9A19103F-16F7-4668-BE54-9A1E7A4F7556}") = "NetflixNext.ProcessingEngine.Extensions", "NetflixNext.ProcessingEngine.Extensions\NetflixNext.ProcessingEngine.Extensions.csproj", "{80A89729-34D4-4955-8707-EDE20694D06A}"
EndProject
Project("{9A19103F-16F7-4668-BE54-9A1E7A4F7556}") = "NetflixNext.xConnect.Extensions", "NetflixNext.xConnect.Extensions\NetflixNext.xConnect.Extensions.csproj", "{81689D69-0BCC-48B2-A9D8-E920594DD0A9}"
EndProject
Project("{FAE04EC0-301F-11D3-BF4B-00C04F79EFBC}") = "NetflixSitecore", "NetflixSitecore\NetflixSitecore\NetflixSitecore.csproj", "{6FF2F4B4-5B65-471B-A465-9A5969366B17}"
EndProject
Global
	GlobalSection(SolutionConfigurationPlatforms) = preSolution
		Debug|Any CPU = Debug|Any CPU
		Release|Any CPU = Release|Any CPU
	EndGlobalSection
	GlobalSection(ProjectConfigurationPlatforms) = postSolution
		{0BB713E9-1DFF-403A-99B6-32A8C63616A2}.Debug|Any CPU.ActiveCfg = Debug|Any CPU
		{0BB713E9-1DFF-403A-99B6-32A8C63616A2}.Debug|Any CPU.Build.0 = Debug|Any CPU
		{0BB713E9-1DFF-403A-99B6-32A8C63616A2}.Release|Any CPU.ActiveCfg = Release|Any CPU
		{0BB713E9-1DFF-403A-99B6-32A8C63616A2}.Release|Any CPU.Build.0 = Release|Any CPU
		{1BDB5FDD-0848-423E-B8D0-D4CC16AE28BE}.Debug|Any CPU.ActiveCfg = Debug|Any CPU
		{1BDB5FDD-0848-423E-B8D0-D4CC16AE28BE}.Debug|Any CPU.Build.0 = Debug|Any CPU
		{1BDB5FDD-0848-423E-B8D0-D4CC16AE28BE}.Release|Any CPU.ActiveCfg = Release|Any CPU
		{1BDB5FDD-0848-423E-B8D0-D4CC16AE28BE}.Release|Any CPU.Build.0 = Release|Any CPU
		{80A89729-34D4-4955-8707-EDE20694D06A}.Debug|Any CPU.ActiveCfg = Debug|Any CPU
		{80A89729-34D4-4955-8707-EDE20694D06A}.Debug|Any CPU.Build.0 = Debug|Any CPU
		{80A89729-34D4-4955-8707-EDE20694D06A}.Release|Any CPU.ActiveCfg = Release|Any CPU
		{80A89729-34D4-4955-8707-EDE20694D06A}.Release|Any CPU.Build.0 = Release|Any CPU
		{81689D69-0BCC-48B2-A9D8-E920594DD0A9}.Debug|Any CPU.ActiveCfg = Debug|Any CPU
		{81689D69-0BCC-48B2-A9D8-E920594DD0A9}.Debug|Any CPU.Build.0 = Debug|Any CPU
		{81689D69-0BCC-48B2-A9D8-E920594DD0A9}.Release|Any CPU.ActiveCfg = Release|Any CPU
		{81689D69-0BCC-48B2-A9D8-E920594DD0A9}.Release|Any CPU.Build.0 = Release|Any CPU
		{6FF2F4B4-5B65-471B-A465-9A5969366B17}.Debug|Any CPU.ActiveCfg = Debug|Any CPU
		{6FF2F4B4-5B65-471B-A465-9A5969366B17}.Debug|Any CPU.Build.0 = Debug|Any CPU
		{6FF2F4B4-5B65-471B-A465-9A5969366B17}.Release|Any CPU.ActiveCfg = Release|Any CPU
		{6FF2F4B4-5B65-471B-A465-9A5969366B17}.Release|Any CPU.Build.0 = Release|Any CPU
	EndGlobalSection
	GlobalSection(SolutionProperties) = preSolution
		HideSolutionNode = FALSE
	EndGlobalSection
	GlobalSection(ExtensibilityGlobals) = postSolution
		SolutionGuid = {7B4B4603-9BFB-4154-B0BF-BC8766CA9EEC}
	EndGlobalSection
EndGlobal
